
Microsoft Visual Studio Solution File, Format Version 12.00
# Visual Studio Version 16
VisualStudioVersion = 16.0.31105.61
MinimumVisualStudioVersion = 10.0.40219.1
Project("{FAE04EC0-301F-11D3-BF4B-00C04F79EFBC}") = "M07_EAC3_E3", "M07_EAC3_E3.csproj", "{3F61FFBD-87EF-4CB8-A5CC-641F39FB6B2B}"
EndProject
Global
	GlobalSection(SolutionConfigurationPlatforms) = preSolution
		Debug|Any CPU = Debug|Any CPU
		Release|Any CPU = Release|Any CPU
	EndGlobalSection
	GlobalSection(ProjectConfigurationPlatforms) = postSolution
		{3F61FFBD-87EF-4CB8-A5CC-641F39FB6B2B}.Debug|Any CPU.ActiveCfg = Debug|Any CPU
		{3F61FFBD-87EF-4CB8-A5CC-641F39FB6B2B}.Debug|Any CPU.Build.0 = Debug|Any CPU
		{3F61FFBD-87EF-4CB8-A5CC-641F39FB6B2B}.Release|Any CPU.ActiveCfg = Release|Any CPU
		{3F61FFBD-87EF-4CB8-A5CC-641F39FB6B2B}.Release|Any CPU.Build.0 = Release|Any CPU
	EndGlobalSection
	GlobalSection(SolutionProperties) = preSolution
		HideSolutionNode = FALSE
	EndGlobalSection
	GlobalSection(ExtensibilityGlobals) = postSolution
		SolutionGuid = {A75E195F-C107-4E4D-B89E-4B8E9F4B9C91}
	EndGlobalSection
EndGlobal
